// !$*UTF8*$!
{
	archiveVersion = 1;
	classes = {
	};
	objectVersion = 60;
	objects = {

/* Begin PBXBuildFile section */
		1F0C8D2B283AA0B900A1B2C3 /* PlanToCodeApp.swift in Sources */ = {isa = PBXBuildFile; fileRef = 1F0C8D2B283AA0B300A1B2C3 /* PlanToCodeApp.swift */; };
		1F0C8D2B283AA0BA00A1B2C3 /* PlanToCodeAppDelegate.swift in Sources */ = {isa = PBXBuildFile; fileRef = 1F0C8D2B283AA0B200A1B2C3 /* PlanToCodeAppDelegate.swift */; };
		1F0C8D2B283AA0BB00A1B2C3 /* Core in Frameworks */ = {isa = PBXBuildFile; productRef = 1F0C8D2B283AA0C100A1B2C3 /* Core */; };
		1F0C8D2B283AA0BC00A1B2C3 /* VibeUI in Frameworks */ = {isa = PBXBuildFile; productRef = 1F0C8D2B283AA0C200A1B2C3 /* VibeUI */; };
		1F0C8D2B283AA0D000A1B2C3 /* Assets.xcassets in Resources */ = {isa = PBXBuildFile; fileRef = 1F0C8D2B283AA0CF00A1B2C3 /* Assets.xcassets */; };
/* End PBXBuildFile section */

/* Begin PBXFileReference section */
		1F0C8D2B283AA0B100A1B2C3 /* PlanToCode.app */ = {isa = PBXFileReference; explicitFileType = wrapper.application; includeInIndex = 0; path = PlanToCode.app; sourceTree = BUILT_PRODUCTS_DIR; };
		1F0C8D2B283AA0B200A1B2C3 /* PlanToCodeAppDelegate.swift */ = {isa = PBXFileReference; lastKnownFileType = sourcecode.swift; path = PlanToCodeAppDelegate.swift; sourceTree = "<group>"; };
		1F0C8D2B283AA0B300A1B2C3 /* PlanToCodeApp.swift */ = {isa = PBXFileReference; lastKnownFileType = sourcecode.swift; path = PlanToCodeApp.swift; sourceTree = "<group>"; };
		1F0C8D2B283AA0B400A1B2C3 /* Info.plist */ = {isa = PBXFileReference; lastKnownFileType = text.plist.xml; path = Info.plist; sourceTree = "<group>"; };
		1F0C8D2B283AA0B500A1B2C3 /* PlanToCode.entitlements */ = {isa = PBXFileReference; lastKnownFileType = text.plist.entitlements; path = PlanToCode.entitlements; sourceTree = "<group>"; };
		1F0C8D2B283AA0CF00A1B2C3 /* Assets.xcassets */ = {isa = PBXFileReference; lastKnownFileType = folder.assetcatalog; path = Assets.xcassets; sourceTree = "<group>"; };
		9BBC175E2E9E79CA00DFA149 /* PlanToCode.storekit */ = {isa = PBXFileReference; lastKnownFileType = text; name = PlanToCode.storekit; path = PlanToCode/PlanToCode.storekit; sourceTree = "<group>"; };
/* End PBXFileReference section */

/* Begin PBXFrameworksBuildPhase section */
		1F0C8D2B283AA0B700A1B2C3 /* Frameworks */ = {
			isa = PBXFrameworksBuildPhase;
			buildActionMask = 2147483647;
			files = (
				1F0C8D2B283AA0BB00A1B2C3 /* Core in Frameworks */,
				1F0C8D2B283AA0BC00A1B2C3 /* VibeUI in Frameworks */,
			);
			runOnlyForDeploymentPostprocessing = 0;
		};
/* End PBXFrameworksBuildPhase section */

/* Begin PBXGroup section */
		1F0C8D2B283AA0AE00A1B2C3 = {
			isa = PBXGroup;
			children = (
				9BBC175E2E9E79CA00DFA149 /* PlanToCode.storekit */,
				1F0C8D2B283AA0B000A1B2C3 /* App */,
				1F0C8D2B283AA0AF00A1B2C3 /* Products */,
			);
			sourceTree = "<group>";
		};
		1F0C8D2B283AA0AF00A1B2C3 /* Products */ = {
			isa = PBXGroup;
			children = (
				1F0C8D2B283AA0B100A1B2C3 /* PlanToCode.app */,
			);
			name = Products;
			sourceTree = "<group>";
		};
		1F0C8D2B283AA0B000A1B2C3 /* App */ = {
			isa = PBXGroup;
			children = (
				1F0C8D2B283AA0B300A1B2C3 /* PlanToCodeApp.swift */,
				1F0C8D2B283AA0B200A1B2C3 /* PlanToCodeAppDelegate.swift */,
				1F0C8D2B283AA0B400A1B2C3 /* Info.plist */,
				1F0C8D2B283AA0B500A1B2C3 /* PlanToCode.entitlements */,
				1F0C8D2B283AA0CF00A1B2C3 /* Assets.xcassets */,
			);
			path = App;
			sourceTree = "<group>";
		};
/* End PBXGroup section */

/* Begin PBXNativeTarget section */
		1F0C8D2B283AA0AA00A1B2C3 /* PlanToCode */ = {
			isa = PBXNativeTarget;
			buildConfigurationList = 1F0C8D2B283AA0C400A1B2C3 /* Build configuration list for PBXNativeTarget "PlanToCode" */;
			buildPhases = (
				1F0C8D2B283AA0B600A1B2C3 /* Sources */,
				1F0C8D2B283AA0B700A1B2C3 /* Frameworks */,
				1F0C8D2B283AA0B800A1B2C3 /* Resources */,
			);
			buildRules = (
			);
			dependencies = (
			);
			name = PlanToCode;
			packageProductDependencies = (
				1F0C8D2B283AA0C100A1B2C3 /* Core */,
				1F0C8D2B283AA0C200A1B2C3 /* VibeUI */,
			);
			productName = PlanToCode;
			productReference = 1F0C8D2B283AA0B100A1B2C3 /* PlanToCode.app */;
			productType = "com.apple.product-type.application";
		};
/* End PBXNativeTarget section */

/* Begin PBXProject section */
		1F0C8D2B283AA0A900A1B2C3 /* Project object */ = {
			isa = PBXProject;
			attributes = {
				BuildIndependentTargetsInParallel = YES;
				LastSwiftUpdateCheck = 1500;
				LastUpgradeCheck = 2610;
				TargetAttributes = {
					1F0C8D2B283AA0AA00A1B2C3 = {
						CreatedOnToolsVersion = 15.0;
					};
				};
			};
			buildConfigurationList = 1F0C8D2B283AA0AB00A1B2C3 /* Build configuration list for PBXProject "PlanToCode" */;
			compatibilityVersion = "Xcode 14.0";
			developmentRegion = en;
			hasScannedForEncodings = 0;
			knownRegions = (
				en,
				Base,
			);
			mainGroup = 1F0C8D2B283AA0AE00A1B2C3;
			packageReferences = (
				1F0C8D2B283AA0BE00A1B2C3 /* XCLocalSwiftPackageReference "Core" */,
				1F0C8D2B283AA0BF00A1B2C3 /* XCLocalSwiftPackageReference "VibeUI" */,
			);
			productRefGroup = 1F0C8D2B283AA0AF00A1B2C3 /* Products */;
			projectDirPath = "";
			projectRoot = "";
			targets = (
				1F0C8D2B283AA0AA00A1B2C3 /* PlanToCode */,
			);
		};
/* End PBXProject section */

/* Begin PBXResourcesBuildPhase section */
		1F0C8D2B283AA0B800A1B2C3 /* Resources */ = {
			isa = PBXResourcesBuildPhase;
			buildActionMask = 2147483647;
			files = (
				1F0C8D2B283AA0D000A1B2C3 /* Assets.xcassets in Resources */,
			);
			runOnlyForDeploymentPostprocessing = 0;
		};
/* End PBXResourcesBuildPhase section */

/* Begin PBXSourcesBuildPhase section */
		1F0C8D2B283AA0B600A1B2C3 /* Sources */ = {
			isa = PBXSourcesBuildPhase;
			buildActionMask = 2147483647;
			files = (
				1F0C8D2B283AA0B900A1B2C3 /* PlanToCodeApp.swift in Sources */,
				1F0C8D2B283AA0BA00A1B2C3 /* PlanToCodeAppDelegate.swift in Sources */,
			);
			runOnlyForDeploymentPostprocessing = 0;
		};
/* End PBXSourcesBuildPhase section */

/* Begin XCBuildConfiguration section */
		1F0C8D2B283AA0AC00A1B2C3 /* Debug */ = {
			isa = XCBuildConfiguration;
			buildSettings = {
				ALWAYS_SEARCH_USER_PATHS = NO;
				ASSETCATALOG_COMPILER_GENERATE_SWIFT_ASSET_SYMBOL_EXTENSIONS = YES;
				CLANG_ANALYZER_NONNULL = YES;
				CLANG_ANALYZER_NUMBER_OBJECT_CONVERSION = YES_AGGRESSIVE;
				CLANG_CXX_LANGUAGE_STANDARD = "gnu++20";
				CLANG_ENABLE_MODULES = YES;
				CLANG_ENABLE_OBJC_ARC = YES;
				CLANG_WARN_BLOCK_CAPTURE_AUTORELEASING = YES;
				CLANG_WARN_BOOL_CONVERSION = YES;
				CLANG_WARN_COMMA = YES;
				CLANG_WARN_CONSTANT_CONVERSION = YES;
				CLANG_WARN_DEPRECATED_OBJC_IMPLEMENTATIONS = YES;
				CLANG_WARN_DIRECT_OBJC_ISA_USAGE = YES_ERROR;
				CLANG_WARN_DOCUMENTATION_COMMENTS = YES;
				CLANG_WARN_EMPTY_BODY = YES;
				CLANG_WARN_ENUM_CONVERSION = YES;
				CLANG_WARN_INFINITE_RECURSION = YES;
				CLANG_WARN_INT_CONVERSION = YES;
				CLANG_WARN_NON_LITERAL_NULL_CONVERSION = YES;
				CLANG_WARN_OBJC_IMPLICIT_RETAIN_SELF = YES;
				CLANG_WARN_OBJC_LITERAL_CONVERSION = YES;
				CLANG_WARN_OBJC_ROOT_CLASS = YES_ERROR;
				CLANG_WARN_QUOTED_INCLUDE_IN_FRAMEWORK_HEADER = YES;
				CLANG_WARN_RANGE_LOOP_ANALYSIS = YES;
				CLANG_WARN_STRICT_PROTOTYPES = YES;
				CLANG_WARN_SUSPICIOUS_MOVE = YES;
				CLANG_WARN_UNGUARDED_AVAILABILITY = YES_AGGRESSIVE;
				CLANG_WARN_UNREACHABLE_CODE = YES;
				CLANG_WARN__DUPLICATE_METHOD_MATCH = YES;
				COPY_PHASE_STRIP = NO;
				DEBUG_INFORMATION_FORMAT = dwarf;
				DEVELOPMENT_TEAM = P2C2NH989N;
				ENABLE_STRICT_OBJC_MSGSEND = YES;
				ENABLE_TESTABILITY = YES;
				ENABLE_USER_SCRIPT_SANDBOXING = YES;
				GCC_C_LANGUAGE_STANDARD = gnu11;
				GCC_DYNAMIC_NO_PIC = NO;
				GCC_NO_COMMON_BLOCKS = YES;
				GCC_OPTIMIZATION_LEVEL = 0;
				GCC_PREPROCESSOR_DEFINITIONS = (
					"DEBUG=1",
					"$(inherited)",
				);
				GCC_WARN_64_TO_32_BIT_CONVERSION = YES;
				GCC_WARN_ABOUT_RETURN_TYPE = YES_ERROR;
				GCC_WARN_UNDECLARED_SELECTOR = YES;
				GCC_WARN_UNINITIALIZED_AUTOS = YES_AGGRESSIVE;
				GCC_WARN_UNUSED_FUNCTION = YES;
				GCC_WARN_UNUSED_VARIABLE = YES;
				IPHONEOS_DEPLOYMENT_TARGET = 16.0;
				MTL_ENABLE_DEBUG_INFO = INCLUDE_SOURCE;
				MTL_FAST_MATH = YES;
				ONLY_ACTIVE_ARCH = YES;
				SDKROOT = iphoneos;
				STRING_CATALOG_GENERATE_SYMBOLS = YES;
			};
			name = Debug;
		};
		1F0C8D2B283AA0AD00A1B2C3 /* Release */ = {
			isa = XCBuildConfiguration;
			buildSettings = {
				ALWAYS_SEARCH_USER_PATHS = NO;
				ASSETCATALOG_COMPILER_GENERATE_SWIFT_ASSET_SYMBOL_EXTENSIONS = YES;
				CLANG_ANALYZER_NONNULL = YES;
				CLANG_ANALYZER_NUMBER_OBJECT_CONVERSION = YES_AGGRESSIVE;
				CLANG_CXX_LANGUAGE_STANDARD = "gnu++20";
				CLANG_ENABLE_MODULES = YES;
				CLANG_ENABLE_OBJC_ARC = YES;
				CLANG_WARN_BLOCK_CAPTURE_AUTORELEASING = YES;
				CLANG_WARN_BOOL_CONVERSION = YES;
				CLANG_WARN_COMMA = YES;
				CLANG_WARN_CONSTANT_CONVERSION = YES;
				CLANG_WARN_DEPRECATED_OBJC_IMPLEMENTATIONS = YES;
				CLANG_WARN_DIRECT_OBJC_ISA_USAGE = YES_ERROR;
				CLANG_WARN_DOCUMENTATION_COMMENTS = YES;
				CLANG_WARN_EMPTY_BODY = YES;
				CLANG_WARN_ENUM_CONVERSION = YES;
				CLANG_WARN_INFINITE_RECURSION = YES;
				CLANG_WARN_INT_CONVERSION = YES;
				CLANG_WARN_NON_LITERAL_NULL_CONVERSION = YES;
				CLANG_WARN_OBJC_IMPLICIT_RETAIN_SELF = YES;
				CLANG_WARN_OBJC_LITERAL_CONVERSION = YES;
				CLANG_WARN_OBJC_ROOT_CLASS = YES_ERROR;
				CLANG_WARN_QUOTED_INCLUDE_IN_FRAMEWORK_HEADER = YES;
				CLANG_WARN_RANGE_LOOP_ANALYSIS = YES;
				CLANG_WARN_STRICT_PROTOTYPES = YES;
				CLANG_WARN_SUSPICIOUS_MOVE = YES;
				CLANG_WARN_UNGUARDED_AVAILABILITY = YES_AGGRESSIVE;
				CLANG_WARN_UNREACHABLE_CODE = YES;
				CLANG_WARN__DUPLICATE_METHOD_MATCH = YES;
				COPY_PHASE_STRIP = NO;
				DEBUG_INFORMATION_FORMAT = "dwarf-with-dsym";
				DEVELOPMENT_TEAM = P2C2NH989N;
				ENABLE_NS_ASSERTIONS = NO;
				ENABLE_STRICT_OBJC_MSGSEND = YES;
				ENABLE_USER_SCRIPT_SANDBOXING = YES;
				GCC_C_LANGUAGE_STANDARD = gnu11;
				GCC_NO_COMMON_BLOCKS = YES;
				GCC_WARN_64_TO_32_BIT_CONVERSION = YES;
				GCC_WARN_ABOUT_RETURN_TYPE = YES_ERROR;
				GCC_WARN_UNDECLARED_SELECTOR = YES;
				GCC_WARN_UNINITIALIZED_AUTOS = YES_AGGRESSIVE;
				GCC_WARN_UNUSED_FUNCTION = YES;
				GCC_WARN_UNUSED_VARIABLE = YES;
				IPHONEOS_DEPLOYMENT_TARGET = 16.0;
				MTL_ENABLE_DEBUG_INFO = NO;
				MTL_FAST_MATH = YES;
				SDKROOT = iphoneos;
				STRING_CATALOG_GENERATE_SYMBOLS = YES;
				SWIFT_COMPILATION_MODE = wholemodule;
				SWIFT_OPTIMIZATION_LEVEL = "-O";
			};
			name = Release;
		};
		1F0C8D2B283AA0C500A1B2C3 /* Debug */ = {
			isa = XCBuildConfiguration;
			buildSettings = {
				ASSETCATALOG_COMPILER_APPICON_NAME = AppIcon;
				ASSETCATALOG_COMPILER_INCLUDE_ALL_APPICON_ASSETS = YES;
				CODE_SIGN_ENTITLEMENTS = App/PlanToCode.entitlements;
				CODE_SIGN_IDENTITY = "Apple Development";
				CODE_SIGN_STYLE = Automatic;
				CURRENT_PROJECT_VERSION = 1;
				DEVELOPMENT_ASSET_PATHS = "";
				ENABLE_PREVIEWS = YES;
				GENERATE_INFOPLIST_FILE = NO;
				INFOPLIST_FILE = App/Info.plist;
				INFOPLIST_KEY_CFBundleDisplayName = PlanToCode;
				INFOPLIST_KEY_LSApplicationCategoryType = "public.app-category.developer-tools";
				IPHONEOS_DEPLOYMENT_TARGET = 16.0;
				LD_RUNPATH_SEARCH_PATHS = (
					"$(inherited)",
					"@executable_path/Frameworks",
				);
				MARKETING_VERSION = 1.0;
				PRODUCT_BUNDLE_IDENTIFIER = com.plantocode;
				PRODUCT_NAME = "$(TARGET_NAME)";
				SDKROOT = iphoneos;
				SUPPORTS_MACCATALYST = NO;
				SWIFT_EMIT_LOC_STRINGS = YES;
				SWIFT_VERSION = 5.9;
				TARGETED_DEVICE_FAMILY = "1,2";
			};
			name = Debug;
		};
		1F0C8D2B283AA0C600A1B2C3 /* Release */ = {
			isa = XCBuildConfiguration;
			buildSettings = {
				ASSETCATALOG_COMPILER_APPICON_NAME = AppIcon;
				ASSETCATALOG_COMPILER_INCLUDE_ALL_APPICON_ASSETS = YES;
				CODE_SIGN_ENTITLEMENTS = App/PlanToCode.entitlements;
				CODE_SIGN_IDENTITY = "Apple Development";
				CODE_SIGN_STYLE = Automatic;
				CURRENT_PROJECT_VERSION = 1;
				DEVELOPMENT_ASSET_PATHS = "";
				ENABLE_PREVIEWS = YES;
				GENERATE_INFOPLIST_FILE = NO;
				INFOPLIST_FILE = App/Info.plist;
				INFOPLIST_KEY_CFBundleDisplayName = PlanToCode;
				INFOPLIST_KEY_LSApplicationCategoryType = "public.app-category.developer-tools";
				IPHONEOS_DEPLOYMENT_TARGET = 16.0;
				LD_RUNPATH_SEARCH_PATHS = (
					"$(inherited)",
					"@executable_path/Frameworks",
				);
				MARKETING_VERSION = 1.0;
				PRODUCT_BUNDLE_IDENTIFIER = com.plantocode;
				PRODUCT_NAME = "$(TARGET_NAME)";
				SDKROOT = iphoneos;
				SUPPORTS_MACCATALYST = NO;
				SWIFT_EMIT_LOC_STRINGS = YES;
				SWIFT_VERSION = 5.9;
				TARGETED_DEVICE_FAMILY = "1,2";
			};
			name = Release;
		};
/* End XCBuildConfiguration section */

/* Begin XCConfigurationList section */
		1F0C8D2B283AA0AB00A1B2C3 /* Build configuration list for PBXProject "PlanToCode" */ = {
			isa = XCConfigurationList;
			buildConfigurations = (
				1F0C8D2B283AA0AC00A1B2C3 /* Debug */,
				1F0C8D2B283AA0AD00A1B2C3 /* Release */,
			);
			defaultConfigurationIsVisible = 0;
			defaultConfigurationName = Release;
		};
		1F0C8D2B283AA0C400A1B2C3 /* Build configuration list for PBXNativeTarget "PlanToCode" */ = {
			isa = XCConfigurationList;
			buildConfigurations = (
				1F0C8D2B283AA0C500A1B2C3 /* Debug */,
				1F0C8D2B283AA0C600A1B2C3 /* Release */,
			);
			defaultConfigurationIsVisible = 0;
			defaultConfigurationName = Release;
		};
/* End XCConfigurationList section */

/* Begin XCLocalSwiftPackageReference section */
		1F0C8D2B283AA0BE00A1B2C3 /* XCLocalSwiftPackageReference "Core" */ = {
			isa = XCLocalSwiftPackageReference;
			relativePath = Core;
		};
		1F0C8D2B283AA0BF00A1B2C3 /* XCLocalSwiftPackageReference "VibeUI" */ = {
			isa = XCLocalSwiftPackageReference;
			relativePath = VibeUI;
		};
/* End XCLocalSwiftPackageReference section */

/* Begin XCSwiftPackageProductDependency section */
		1F0C8D2B283AA0C100A1B2C3 /* Core */ = {
			isa = XCSwiftPackageProductDependency;
			package = 1F0C8D2B283AA0BE00A1B2C3 /* XCLocalSwiftPackageReference "Core" */;
			productName = Core;
		};
		1F0C8D2B283AA0C200A1B2C3 /* VibeUI */ = {
			isa = XCSwiftPackageProductDependency;
			package = 1F0C8D2B283AA0BF00A1B2C3 /* XCLocalSwiftPackageReference "VibeUI" */;
			productName = VibeUI;
		};
/* End XCSwiftPackageProductDependency section */
	};
	rootObject = 1F0C8D2B283AA0A900A1B2C3 /* Project object */;
}
